// !$*UTF8*$!
{
	archiveVersion = 1;
	classes = {
	};
	objectVersion = 56;
	objects = {

/* Begin PBXBuildFile section */
		A834F8972A54BB91002F06D1 /* PlanYourDayApp.swift in Sources */ = {isa = PBXBuildFile; fileRef = A834F8962A54BB91002F06D1 /* PlanYourDayApp.swift */; };
		A834F89B2A54BB92002F06D1 /* Assets.xcassets in Resources */ = {isa = PBXBuildFile; fileRef = A834F89A2A54BB92002F06D1 /* Assets.xcassets */; };
		A834F89E2A54BB92002F06D1 /* Preview Assets.xcassets in Resources */ = {isa = PBXBuildFile; fileRef = A834F89D2A54BB92002F06D1 /* Preview Assets.xcassets */; };
		A834F8A62A54D35A002F06D1 /* ListView.swift in Sources */ = {isa = PBXBuildFile; fileRef = A834F8A52A54D35A002F06D1 /* ListView.swift */; };
		A834F8A82A54D876002F06D1 /* ListRowView.swift in Sources */ = {isa = PBXBuildFile; fileRef = A834F8A72A54D876002F06D1 /* ListRowView.swift */; };
		A834F8AA2A54E04B002F06D1 /* AddView.swift in Sources */ = {isa = PBXBuildFile; fileRef = A834F8A92A54E04B002F06D1 /* AddView.swift */; };
		A834F8AD2A576F71002F06D1 /* ItemModel.swift in Sources */ = {isa = PBXBuildFile; fileRef = A834F8AC2A576F71002F06D1 /* ItemModel.swift */; };
		A87FB1AB2A5B64A400780D91 /* ListViewModel.swift in Sources */ = {isa = PBXBuildFile; fileRef = A87FB1AA2A5B64A400780D91 /* ListViewModel.swift */; };
/* End PBXBuildFile section */

/* Begin PBXFileReference section */
		A834F8932A54BB91002F06D1 /* PlanYourDay.app */ = {isa = PBXFileReference; explicitFileType = wrapper.application; includeInIndex = 0; path = PlanYourDay.app; sourceTree = BUILT_PRODUCTS_DIR; };
		A834F8962A54BB91002F06D1 /* PlanYourDayApp.swift */ = {isa = PBXFileReference; lastKnownFileType = sourcecode.swift; path = PlanYourDayApp.swift; sourceTree = "<group>"; };
		A834F89A2A54BB92002F06D1 /* Assets.xcassets */ = {isa = PBXFileReference; lastKnownFileType = folder.assetcatalog; path = Assets.xcassets; sourceTree = "<group>"; };
		A834F89D2A54BB92002F06D1 /* Preview Assets.xcassets */ = {isa = PBXFileReference; lastKnownFileType = folder.assetcatalog; path = "Preview Assets.xcassets"; sourceTree = "<group>"; };
		A834F8A52A54D35A002F06D1 /* ListView.swift */ = {isa = PBXFileReference; lastKnownFileType = sourcecode.swift; path = ListView.swift; sourceTree = "<group>"; };
		A834F8A72A54D876002F06D1 /* ListRowView.swift */ = {isa = PBXFileReference; lastKnownFileType = sourcecode.swift; path = ListRowView.swift; sourceTree = "<group>"; };
		A834F8A92A54E04B002F06D1 /* AddView.swift */ = {isa = PBXFileReference; lastKnownFileType = sourcecode.swift; path = AddView.swift; sourceTree = "<group>"; };
		A834F8AC2A576F71002F06D1 /* ItemModel.swift */ = {isa = PBXFileReference; lastKnownFileType = sourcecode.swift; path = ItemModel.swift; sourceTree = "<group>"; };
		A87FB1AA2A5B64A400780D91 /* ListViewModel.swift */ = {isa = PBXFileReference; lastKnownFileType = sourcecode.swift; path = ListViewModel.swift; sourceTree = "<group>"; };
/* End PBXFileReference section */

/* Begin PBXFrameworksBuildPhase section */
		A834F8902A54BB91002F06D1 /* Frameworks */ = {
			isa = PBXFrameworksBuildPhase;
			buildActionMask = 2147483647;
			files = (
			);
			runOnlyForDeploymentPostprocessing = 0;
		};
/* End PBXFrameworksBuildPhase section */

/* Begin PBXGroup section */
		A834F88A2A54BB91002F06D1 = {
			isa = PBXGroup;
			children = (
				A834F8952A54BB91002F06D1 /* PlanYourDay */,
				A834F8942A54BB91002F06D1 /* Products */,
			);
			sourceTree = "<group>";
		};
		A834F8942A54BB91002F06D1 /* Products */ = {
			isa = PBXGroup;
			children = (
				A834F8932A54BB91002F06D1 /* PlanYourDay.app */,
			);
			name = Products;
			sourceTree = "<group>";
		};
		A834F8952A54BB91002F06D1 /* PlanYourDay */ = {
			isa = PBXGroup;
			children = (
				A834F8962A54BB91002F06D1 /* PlanYourDayApp.swift */,
				A834F8AB2A576F3D002F06D1 /* Model */,
				A87FB1A92A5B643300780D91 /* ViewModels */,
				A834F8A42A54D327002F06D1 /* Views */,
				A834F89A2A54BB92002F06D1 /* Assets.xcassets */,
				A834F89C2A54BB92002F06D1 /* Preview Content */,
			);
			path = PlanYourDay;
			sourceTree = "<group>";
		};
		A834F89C2A54BB92002F06D1 /* Preview Content */ = {
			isa = PBXGroup;
			children = (
				A834F89D2A54BB92002F06D1 /* Preview Assets.xcassets */,
			);
			path = "Preview Content";
			sourceTree = "<group>";
		};
		A834F8A42A54D327002F06D1 /* Views */ = {
			isa = PBXGroup;
			children = (
				A834F8A52A54D35A002F06D1 /* ListView.swift */,
				A834F8A72A54D876002F06D1 /* ListRowView.swift */,
				A834F8A92A54E04B002F06D1 /* AddView.swift */,
			);
			path = Views;
			sourceTree = "<group>";
		};
		A834F8AB2A576F3D002F06D1 /* Model */ = {
			isa = PBXGroup;
			children = (
				A834F8AC2A576F71002F06D1 /* ItemModel.swift */,
			);
			path = Model;
			sourceTree = "<group>";
		};
		A87FB1A92A5B643300780D91 /* ViewModels */ = {
			isa = PBXGroup;
			children = (
				A87FB1AA2A5B64A400780D91 /* ListViewModel.swift */,
			);
			path = ViewModels;
			sourceTree = "<group>";
		};
/* End PBXGroup section */

/* Begin PBXNativeTarget section */
		A834F8922A54BB91002F06D1 /* PlanYourDay */ = {
			isa = PBXNativeTarget;
			buildConfigurationList = A834F8A12A54BB92002F06D1 /* Build configuration list for PBXNativeTarget "PlanYourDay" */;
			buildPhases = (
				A834F88F2A54BB91002F06D1 /* Sources */,
				A834F8902A54BB91002F06D1 /* Frameworks */,
				A834F8912A54BB91002F06D1 /* Resources */,
			);
			buildRules = (
			);
			dependencies = (
			);
			name = PlanYourDay;
			productName = PlanYourDay;
			productReference = A834F8932A54BB91002F06D1 /* PlanYourDay.app */;
			productType = "com.apple.product-type.application";
		};
/* End PBXNativeTarget section */

/* Begin PBXProject section */
		A834F88B2A54BB91002F06D1 /* Project object */ = {
			isa = PBXProject;
			attributes = {
				BuildIndependentTargetsInParallel = 1;
				LastSwiftUpdateCheck = 1430;
				LastUpgradeCheck = 1430;
				TargetAttributes = {
					A834F8922A54BB91002F06D1 = {
						CreatedOnToolsVersion = 14.3.1;
					};
				};
			};
			buildConfigurationList = A834F88E2A54BB91002F06D1 /* Build configuration list for PBXProject "PlanYourDay" */;
			compatibilityVersion = "Xcode 14.0";
			developmentRegion = en;
			hasScannedForEncodings = 0;
			knownRegions = (
				en,
				Base,
			);
			mainGroup = A834F88A2A54BB91002F06D1;
			productRefGroup = A834F8942A54BB91002F06D1 /* Products */;
			projectDirPath = "";
			projectRoot = "";
			targets = (
				A834F8922A54BB91002F06D1 /* PlanYourDay */,
			);
		};
/* End PBXProject section */

/* Begin PBXResourcesBuildPhase section */
		A834F8912A54BB91002F06D1 /* Resources */ = {
			isa = PBXResourcesBuildPhase;
			buildActionMask = 2147483647;
			files = (
				A834F89E2A54BB92002F06D1 /* Preview Assets.xcassets in Resources */,
				A834F89B2A54BB92002F06D1 /* Assets.xcassets in Resources */,
			);
			runOnlyForDeploymentPostprocessing = 0;
		};
/* End PBXResourcesBuildPhase section */

/* Begin PBXSourcesBuildPhase section */
		A834F88F2A54BB91002F06D1 /* Sources */ = {
			isa = PBXSourcesBuildPhase;
			buildActionMask = 2147483647;
			files = (
				A834F8AD2A576F71002F06D1 /* ItemModel.swift in Sources */,
				A834F8AA2A54E04B002F06D1 /* AddView.swift in Sources */,
				A87FB1AB2A5B64A400780D91 /* ListViewModel.swift in Sources */,
				A834F8972A54BB91002F06D1 /* PlanYourDayApp.swift in Sources */,
				A834F8A62A54D35A002F06D1 /* ListView.swift in Sources */,
				A834F8A82A54D876002F06D1 /* ListRowView.swift in Sources */,
			);
			runOnlyForDeploymentPostprocessing = 0;
		};
/* End PBXSourcesBuildPhase section */

/* Begin XCBuildConfiguration section */
		A834F89F2A54BB92002F06D1 /* Debug */ = {
			isa = XCBuildConfiguration;
			buildSettings = {
				ALWAYS_SEARCH_USER_PATHS = NO;
				CLANG_ANALYZER_NONNULL = YES;
				CLANG_ANALYZER_NUMBER_OBJECT_CONVERSION = YES_AGGRESSIVE;
				CLANG_CXX_LANGUAGE_STANDARD = "gnu++20";
				CLANG_ENABLE_MODULES = YES;
				CLANG_ENABLE_OBJC_ARC = YES;
				CLANG_ENABLE_OBJC_WEAK = YES;
				CLANG_WARN_BLOCK_CAPTURE_AUTORELEASING = YES;
				CLANG_WARN_BOOL_CONVERSION = YES;
				CLANG_WARN_COMMA = YES;
				CLANG_WARN_CONSTANT_CONVERSION = YES;
				CLANG_WARN_DEPRECATED_OBJC_IMPLEMENTATIONS = YES;
				CLANG_WARN_DIRECT_OBJC_ISA_USAGE = YES_ERROR;
				CLANG_WARN_DOCUMENTATION_COMMENTS = YES;
				CLANG_WARN_EMPTY_BODY = YES;
				CLANG_WARN_ENUM_CONVERSION = YES;
				CLANG_WARN_INFINITE_RECURSION = YES;
				CLANG_WARN_INT_CONVERSION = YES;
				CLANG_WARN_NON_LITERAL_NULL_CONVERSION = YES;
				CLANG_WARN_OBJC_IMPLICIT_RETAIN_SELF = YES;
				CLANG_WARN_OBJC_LITERAL_CONVERSION = YES;
				CLANG_WARN_OBJC_ROOT_CLASS = YES_ERROR;
				CLANG_WARN_QUOTED_INCLUDE_IN_FRAMEWORK_HEADER = YES;
				CLANG_WARN_RANGE_LOOP_ANALYSIS = YES;
				CLANG_WARN_STRICT_PROTOTYPES = YES;
				CLANG_WARN_SUSPICIOUS_MOVE = YES;
				CLANG_WARN_UNGUARDED_AVAILABILITY = YES_AGGRESSIVE;
				CLANG_WARN_UNREACHABLE_CODE = YES;
				CLANG_WARN__DUPLICATE_METHOD_MATCH = YES;
				COPY_PHASE_STRIP = NO;
				DEBUG_INFORMATION_FORMAT = dwarf;
				ENABLE_STRICT_OBJC_MSGSEND = YES;
				ENABLE_TESTABILITY = YES;
				GCC_C_LANGUAGE_STANDARD = gnu11;
				GCC_DYNAMIC_NO_PIC = NO;
				GCC_NO_COMMON_BLOCKS = YES;
				GCC_OPTIMIZATION_LEVEL = 0;
				GCC_PREPROCESSOR_DEFINITIONS = (
					"DEBUG=1",
					"$(inherited)",
				);
				GCC_WARN_64_TO_32_BIT_CONVERSION = YES;
				GCC_WARN_ABOUT_RETURN_TYPE = YES_ERROR;
				GCC_WARN_UNDECLARED_SELECTOR = YES;
				GCC_WARN_UNINITIALIZED_AUTOS = YES_AGGRESSIVE;
				GCC_WARN_UNUSED_FUNCTION = YES;
				GCC_WARN_UNUSED_VARIABLE = YES;
				IPHONEOS_DEPLOYMENT_TARGET = 16.4;
				MTL_ENABLE_DEBUG_INFO = INCLUDE_SOURCE;
				MTL_FAST_MATH = YES;
				ONLY_ACTIVE_ARCH = YES;
				SDKROOT = iphoneos;
				SWIFT_ACTIVE_COMPILATION_CONDITIONS = DEBUG;
				SWIFT_OPTIMIZATION_LEVEL = "-Onone";
			};
			name = Debug;
		};
		A834F8A02A54BB92002F06D1 /* Release */ = {
			isa = XCBuildConfiguration;
			buildSettings = {
				ALWAYS_SEARCH_USER_PATHS = NO;
				CLANG_ANALYZER_NONNULL = YES;
				CLANG_ANALYZER_NUMBER_OBJECT_CONVERSION = YES_AGGRESSIVE;
				CLANG_CXX_LANGUAGE_STANDARD = "gnu++20";
				CLANG_ENABLE_MODULES = YES;
				CLANG_ENABLE_OBJC_ARC = YES;
				CLANG_ENABLE_OBJC_WEAK = YES;
				CLANG_WARN_BLOCK_CAPTURE_AUTORELEASING = YES;
				CLANG_WARN_BOOL_CONVERSION = YES;
				CLANG_WARN_COMMA = YES;
				CLANG_WARN_CONSTANT_CONVERSION = YES;
				CLANG_WARN_DEPRECATED_OBJC_IMPLEMENTATIONS = YES;
				CLANG_WARN_DIRECT_OBJC_ISA_USAGE = YES_ERROR;
				CLANG_WARN_DOCUMENTATION_COMMENTS = YES;
				CLANG_WARN_EMPTY_BODY = YES;
				CLANG_WARN_ENUM_CONVERSION = YES;
				CLANG_WARN_INFINITE_RECURSION = YES;
				CLANG_WARN_INT_CONVERSION = YES;
				CLANG_WARN_NON_LITERAL_NULL_CONVERSION = YES;
				CLANG_WARN_OBJC_IMPLICIT_RETAIN_SELF = YES;
				CLANG_WARN_OBJC_LITERAL_CONVERSION = YES;
				CLANG_WARN_OBJC_ROOT_CLASS = YES_ERROR;
				CLANG_WARN_QUOTED_INCLUDE_IN_FRAMEWORK_HEADER = YES;
				CLANG_WARN_RANGE_LOOP_ANALYSIS = YES;
				CLANG_WARN_STRICT_PROTOTYPES = YES;
				CLANG_WARN_SUSPICIOUS_MOVE = YES;
				CLANG_WARN_UNGUARDED_AVAILABILITY = YES_AGGRESSIVE;
				CLANG_WARN_UNREACHABLE_CODE = YES;
				CLANG_WARN__DUPLICATE_METHOD_MATCH = YES;
				COPY_PHASE_STRIP = NO;
				DEBUG_INFORMATION_FORMAT = "dwarf-with-dsym";
				ENABLE_NS_ASSERTIONS = NO;
				ENABLE_STRICT_OBJC_MSGSEND = YES;
				GCC_C_LANGUAGE_STANDARD = gnu11;
				GCC_NO_COMMON_BLOCKS = YES;
				GCC_WARN_64_TO_32_BIT_CONVERSION = YES;
				GCC_WARN_ABOUT_RETURN_TYPE = YES_ERROR;
				GCC_WARN_UNDECLARED_SELECTOR = YES;
				GCC_WARN_UNINITIALIZED_AUTOS = YES_AGGRESSIVE;
				GCC_WARN_UNUSED_FUNCTION = YES;
				GCC_WARN_UNUSED_VARIABLE = YES;
				IPHONEOS_DEPLOYMENT_TARGET = 16.4;
				MTL_ENABLE_DEBUG_INFO = NO;
				MTL_FAST_MATH = YES;
				SDKROOT = iphoneos;
				SWIFT_COMPILATION_MODE = wholemodule;
				SWIFT_OPTIMIZATION_LEVEL = "-O";
				VALIDATE_PRODUCT = YES;
			};
			name = Release;
		};
		A834F8A22A54BB92002F06D1 /* Debug */ = {
			isa = XCBuildConfiguration;
			buildSettings = {
				ASSETCATALOG_COMPILER_APPICON_NAME = AppIcon;
				ASSETCATALOG_COMPILER_GLOBAL_ACCENT_COLOR_NAME = AccentColor;
				CODE_SIGN_STYLE = Automatic;
				CURRENT_PROJECT_VERSION = 1;
				DEVELOPMENT_ASSET_PATHS = "\"PlanYourDay/Preview Content\"";
				DEVELOPMENT_TEAM = CBW66DK25B;
				ENABLE_PREVIEWS = YES;
				GENERATE_INFOPLIST_FILE = YES;
				INFOPLIST_KEY_UIApplicationSceneManifest_Generation = YES;
				INFOPLIST_KEY_UIApplicationSupportsIndirectInputEvents = YES;
				INFOPLIST_KEY_UILaunchScreen_Generation = YES;
				INFOPLIST_KEY_UISupportedInterfaceOrientations_iPad = "UIInterfaceOrientationPortrait UIInterfaceOrientationPortraitUpsideDown UIInterfaceOrientationLandscapeLeft UIInterfaceOrientationLandscapeRight";
				INFOPLIST_KEY_UISupportedInterfaceOrientations_iPhone = "UIInterfaceOrientationPortrait UIInterfaceOrientationLandscapeLeft UIInterfaceOrientationLandscapeRight";
				LD_RUNPATH_SEARCH_PATHS = (
					"$(inherited)",
					"@executable_path/Frameworks",
				);
				MARKETING_VERSION = 1.0;
				PRODUCT_BUNDLE_IDENTIFIER = com.nuhusulemana.PlanYourDay;
				PRODUCT_NAME = "$(TARGET_NAME)";
				SWIFT_EMIT_LOC_STRINGS = YES;
				SWIFT_VERSION = 5.0;
				TARGETED_DEVICE_FAMILY = "1,2";
			};
			name = Debug;
		};
		A834F8A32A54BB92002F06D1 /* Release */ = {
			isa = XCBuildConfiguration;
			buildSettings = {
				ASSETCATALOG_COMPILER_APPICON_NAME = AppIcon;
				ASSETCATALOG_COMPILER_GLOBAL_ACCENT_COLOR_NAME = AccentColor;
				CODE_SIGN_STYLE = Automatic;
				CURRENT_PROJECT_VERSION = 1;
				DEVELOPMENT_ASSET_PATHS = "\"PlanYourDay/Preview Content\"";
				DEVELOPMENT_TEAM = CBW66DK25B;
				ENABLE_PREVIEWS = YES;
				GENERATE_INFOPLIST_FILE = YES;
				INFOPLIST_KEY_UIApplicationSceneManifest_Generation = YES;
				INFOPLIST_KEY_UIApplicationSupportsIndirectInputEvents = YES;
				INFOPLIST_KEY_UILaunchScreen_Generation = YES;
				INFOPLIST_KEY_UISupportedInterfaceOrientations_iPad = "UIInterfaceOrientationPortrait UIInterfaceOrientationPortraitUpsideDown UIInterfaceOrientationLandscapeLeft UIInterfaceOrientationLandscapeRight";
				INFOPLIST_KEY_UISupportedInterfaceOrientations_iPhone = "UIInterfaceOrientationPortrait UIInterfaceOrientationLandscapeLeft UIInterfaceOrientationLandscapeRight";
				LD_RUNPATH_SEARCH_PATHS = (
					"$(inherited)",
					"@executable_path/Frameworks",
				);
				MARKETING_VERSION = 1.0;
				PRODUCT_BUNDLE_IDENTIFIER = com.nuhusulemana.PlanYourDay;
				PRODUCT_NAME = "$(TARGET_NAME)";
				SWIFT_EMIT_LOC_STRINGS = YES;
				SWIFT_VERSION = 5.0;
				TARGETED_DEVICE_FAMILY = "1,2";
			};
			name = Release;
		};
/* End XCBuildConfiguration section */

/* Begin XCConfigurationList section */
		A834F88E2A54BB91002F06D1 /* Build configuration list for PBXProject "PlanYourDay" */ = {
			isa = XCConfigurationList;
			buildConfigurations = (
				A834F89F2A54BB92002F06D1 /* Debug */,
				A834F8A02A54BB92002F06D1 /* Release */,
			);
			defaultConfigurationIsVisible = 0;
			defaultConfigurationName = Release;
		};
		A834F8A12A54BB92002F06D1 /* Build configuration list for PBXNativeTarget "PlanYourDay" */ = {
			isa = XCConfigurationList;
			buildConfigurations = (
				A834F8A22A54BB92002F06D1 /* Debug */,
				A834F8A32A54BB92002F06D1 /* Release */,
			);
			defaultConfigurationIsVisible = 0;
			defaultConfigurationName = Release;
		};
/* End XCConfigurationList section */
	};
	rootObject = A834F88B2A54BB91002F06D1 /* Project object */;
}
